
Microsoft Visual Studio Solution File, Format Version 12.00
# Visual Studio Version 17
VisualStudioVersion = 17.5.002.0
MinimumVisualStudioVersion = 10.0.40219.1
Project("{9A19103F-16F7-4668-BE54-9A1E7A4F7556}") = "OrderService", "OrderService.csproj", "{AA807ABE-AB78-4FE6-BEF7-80D49E19DB97}"
EndProject
Global
	GlobalSection(SolutionConfigurationPlatforms) = preSolution
		Debug|Any CPU = Debug|Any CPU
		Release|Any CPU = Release|Any CPU
	EndGlobalSection
	GlobalSection(ProjectConfigurationPlatforms) = postSolution
		{AA807ABE-AB78-4FE6-BEF7-80D49E19DB97}.Debug|Any CPU.ActiveCfg = Debug|Any CPU
		{AA807ABE-AB78-4FE6-BEF7-80D49E19DB97}.Debug|Any CPU.Build.0 = Debug|Any CPU
		{AA807ABE-AB78-4FE6-BEF7-80D49E19DB97}.Release|Any CPU.ActiveCfg = Release|Any CPU
		{AA807ABE-AB78-4FE6-BEF7-80D49E19DB97}.Release|Any CPU.Build.0 = Release|Any CPU
	EndGlobalSection
	GlobalSection(SolutionProperties) = preSolution
		HideSolutionNode = FALSE
	EndGlobalSection
	GlobalSection(ExtensibilityGlobals) = postSolution
		SolutionGuid = {A70ADE6A-09FC-4BDB-B7C8-6EF7538AC8B8}
	EndGlobalSection
EndGlobal
